
Microsoft Visual Studio Solution File, Format Version 12.00
# Visual Studio Version 16
VisualStudioVersion = 16.0.31702.278
MinimumVisualStudioVersion = 10.0.40219.1
Project("{FAE04EC0-301F-11D3-BF4B-00C04F79EFBC}") = "GOOD_FOOD", "GOOD_FOOD.csproj", "{3AB8EB27-A71A-4094-A987-CBA255D96F5B}"
EndProject
Global
	GlobalSection(SolutionConfigurationPlatforms) = preSolution
		Debug|Any CPU = Debug|Any CPU
		Release|Any CPU = Release|Any CPU
	EndGlobalSection
	GlobalSection(ProjectConfigurationPlatforms) = postSolution
		{3AB8EB27-A71A-4094-A987-CBA255D96F5B}.Debug|Any CPU.ActiveCfg = Debug|Any CPU
		{3AB8EB27-A71A-4094-A987-CBA255D96F5B}.Debug|Any CPU.Build.0 = Debug|Any CPU
		{3AB8EB27-A71A-4094-A987-CBA255D96F5B}.Release|Any CPU.ActiveCfg = Release|Any CPU
		{3AB8EB27-A71A-4094-A987-CBA255D96F5B}.Release|Any CPU.Build.0 = Release|Any CPU
	EndGlobalSection
	GlobalSection(SolutionProperties) = preSolution
		HideSolutionNode = FALSE
	EndGlobalSection
	GlobalSection(ExtensibilityGlobals) = postSolution
		SolutionGuid = {98BF7339-A3A1-4446-AFDD-6DE993CC0479}
	EndGlobalSection
EndGlobal
